
Microsoft Visual Studio Solution File, Format Version 12.00
# Visual Studio Version 17
VisualStudioVersion = 17.8.34511.84
MinimumVisualStudioVersion = 10.0.40219.1
Project("{FAE04EC0-301F-11D3-BF4B-00C04F79EFBC}") = "Timer App", "Timer App\Timer App.csproj", "{F20C0A1E-E094-4608-8712-3CCF33DDA0BF}"
EndProject
Global
	GlobalSection(SolutionConfigurationPlatforms) = preSolution
		Debug|Any CPU = Debug|Any CPU
		Release|Any CPU = Release|Any CPU
	EndGlobalSection
	GlobalSection(ProjectConfigurationPlatforms) = postSolution
		{F20C0A1E-E094-4608-8712-3CCF33DDA0BF}.Debug|Any CPU.ActiveCfg = Debug|Any CPU
		{F20C0A1E-E094-4608-8712-3CCF33DDA0BF}.Debug|Any CPU.Build.0 = Debug|Any CPU
		{F20C0A1E-E094-4608-8712-3CCF33DDA0BF}.Release|Any CPU.ActiveCfg = Release|Any CPU
		{F20C0A1E-E094-4608-8712-3CCF33DDA0BF}.Release|Any CPU.Build.0 = Release|Any CPU
	EndGlobalSection
	GlobalSection(SolutionProperties) = preSolution
		HideSolutionNode = FALSE
	EndGlobalSection
	GlobalSection(ExtensibilityGlobals) = postSolution
		SolutionGuid = {300661BF-652A-46A4-937B-4F5F7DFB89C2}
	EndGlobalSection
EndGlobal
